// !$*UTF8*$!
{
	archiveVersion = 1;
	classes = {
	};
	objectVersion = 77;
	objects = {

/* Begin PBXBuildFile section */
		1C22EF49D35EC005DB185E8B /* InkFlowKit in Frameworks */ = {isa = PBXBuildFile; productRef = F7E5114AF201C7E611192600 /* InkFlowKit */; };
		34CA3B30096158CC05185CD8 /* InkFlowKit in Frameworks */ = {isa = PBXBuildFile; productRef = 90B0B5BE23DAE06BEEA9017F /* InkFlowKit */; };
		6F107EABE2CEC713D71BA6F4 /* DocumentListUITests.swift in Sources */ = {isa = PBXBuildFile; fileRef = FBB431DD9ADAB723CE0A6A13 /* DocumentListUITests.swift */; };
		72DEB48F16E726C208699AB7 /* EditorUITests.swift in Sources */ = {isa = PBXBuildFile; fileRef = 3DD1E9A115436FB7731BE1F3 /* EditorUITests.swift */; };
		B0F149A78DDAC2F14FEB385D /* DocumentListUITests.swift in Sources */ = {isa = PBXBuildFile; fileRef = FBB431DD9ADAB723CE0A6A13 /* DocumentListUITests.swift */; };
		CF4697E4E3955CF239FCA7A8 /* EditorUITests.swift in Sources */ = {isa = PBXBuildFile; fileRef = 3DD1E9A115436FB7731BE1F3 /* EditorUITests.swift */; };
		EBCBFA66DE3FA47F13BFC7DD /* InkFlowApp.swift in Sources */ = {isa = PBXBuildFile; fileRef = 1ECA8289E146E0840BC61A44 /* InkFlowApp.swift */; };
		F10F5150B68A68C6757AD305 /* InkFlowApp.swift in Sources */ = {isa = PBXBuildFile; fileRef = 1ECA8289E146E0840BC61A44 /* InkFlowApp.swift */; };
/* End PBXBuildFile section */

/* Begin PBXContainerItemProxy section */
		6F71176DEFE093A59B20BC5D /* PBXContainerItemProxy */ = {
			isa = PBXContainerItemProxy;
			containerPortal = 618688C29B89A472AE316984 /* Project object */;
			proxyType = 1;
			remoteGlobalIDString = C44BF61B17A411CC50D8DE0F;
			remoteInfo = InkFlow_macOS;
		};
		8F29F589397538A22CB889E0 /* PBXContainerItemProxy */ = {
			isa = PBXContainerItemProxy;
			containerPortal = 618688C29B89A472AE316984 /* Project object */;
			proxyType = 1;
			remoteGlobalIDString = 8F05B24C86F72566B7924BCC;
			remoteInfo = InkFlow_iOS;
		};
/* End PBXContainerItemProxy section */

/* Begin PBXFileReference section */
		1ECA8289E146E0840BC61A44 /* InkFlowApp.swift */ = {isa = PBXFileReference; lastKnownFileType = sourcecode.swift; path = InkFlowApp.swift; sourceTree = "<group>"; };
		3DD1E9A115436FB7731BE1F3 /* EditorUITests.swift */ = {isa = PBXFileReference; lastKnownFileType = sourcecode.swift; path = EditorUITests.swift; sourceTree = "<group>"; };
		5DA05CEBA55509A1AD517DDB /* InkFlowUITests_macOS.xctest */ = {isa = PBXFileReference; explicitFileType = wrapper.cfbundle; includeInIndex = 0; path = InkFlowUITests_macOS.xctest; sourceTree = BUILT_PRODUCTS_DIR; };
		67F0AB5619ECFB9173CED894 /* InkFlow.app */ = {isa = PBXFileReference; explicitFileType = wrapper.application; includeInIndex = 0; path = InkFlow.app; sourceTree = BUILT_PRODUCTS_DIR; };
		8AF897E9144B949BC5A16F18 /* InkFlow.app */ = {isa = PBXFileReference; includeInIndex = 0; lastKnownFileType = wrapper.application; path = InkFlow.app; sourceTree = BUILT_PRODUCTS_DIR; };
		96A555E8BFFF151E45B2EED4 /* InkFlowUITests_iOS.xctest */ = {isa = PBXFileReference; includeInIndex = 0; lastKnownFileType = wrapper.cfbundle; path = InkFlowUITests_iOS.xctest; sourceTree = BUILT_PRODUCTS_DIR; };
		D1E1BA3A038057813543DDC2 /* inkflow */ = {isa = PBXFileReference; lastKnownFileType = folder; name = inkflow; path = .; sourceTree = SOURCE_ROOT; };
		FBB431DD9ADAB723CE0A6A13 /* DocumentListUITests.swift */ = {isa = PBXFileReference; lastKnownFileType = sourcecode.swift; path = DocumentListUITests.swift; sourceTree = "<group>"; };
/* End PBXFileReference section */

/* Begin PBXFrameworksBuildPhase section */
		3E7A77B6F72A4A838024E291 /* Frameworks */ = {
			isa = PBXFrameworksBuildPhase;
			buildActionMask = 2147483647;
			files = (
				1C22EF49D35EC005DB185E8B /* InkFlowKit in Frameworks */,
			);
			runOnlyForDeploymentPostprocessing = 0;
		};
		A1A2FD18A977368B240D0E59 /* Frameworks */ = {
			isa = PBXFrameworksBuildPhase;
			buildActionMask = 2147483647;
			files = (
				34CA3B30096158CC05185CD8 /* InkFlowKit in Frameworks */,
			);
			runOnlyForDeploymentPostprocessing = 0;
		};
/* End PBXFrameworksBuildPhase section */

/* Begin PBXGroup section */
		5D363470B767E46B0E5581D5 /* Products */ = {
			isa = PBXGroup;
			children = (
				8AF897E9144B949BC5A16F18 /* InkFlow.app */,
				67F0AB5619ECFB9173CED894 /* InkFlow.app */,
				96A555E8BFFF151E45B2EED4 /* InkFlowUITests_iOS.xctest */,
				5DA05CEBA55509A1AD517DDB /* InkFlowUITests_macOS.xctest */,
			);
			name = Products;
			sourceTree = "<group>";
		};
		5FFB4530CA614FF54AF4BCD4 /* InkFlow */ = {
			isa = PBXGroup;
			children = (
				1ECA8289E146E0840BC61A44 /* InkFlowApp.swift */,
				71AF073A8AB1003E972FC49D /* Resources */,
			);
			name = InkFlow;
			path = App/InkFlow;
			sourceTree = "<group>";
		};
		71AF073A8AB1003E972FC49D /* Resources */ = {
			isa = PBXGroup;
			children = (
			);
			path = Resources;
			sourceTree = "<group>";
		};
		78C2EDFD31D2815207C28A9F = {
			isa = PBXGroup;
			children = (
				5FFB4530CA614FF54AF4BCD4 /* InkFlow */,
				D89361DFDFBD40C6AF0AC334 /* InkFlowUITests */,
				D2346CABC9C99F6A92AF1B59 /* Packages */,
				5D363470B767E46B0E5581D5 /* Products */,
			);
			sourceTree = "<group>";
		};
		D2346CABC9C99F6A92AF1B59 /* Packages */ = {
			isa = PBXGroup;
			children = (
				D1E1BA3A038057813543DDC2 /* inkflow */,
			);
			name = Packages;
			sourceTree = "<group>";
		};
		D89361DFDFBD40C6AF0AC334 /* InkFlowUITests */ = {
			isa = PBXGroup;
			children = (
				FBB431DD9ADAB723CE0A6A13 /* DocumentListUITests.swift */,
				3DD1E9A115436FB7731BE1F3 /* EditorUITests.swift */,
			);
			name = InkFlowUITests;
			path = App/InkFlowUITests;
			sourceTree = "<group>";
		};
/* End PBXGroup section */

/* Begin PBXNativeTarget section */
		7001562283F6082D3010F077 /* InkFlowUITests_iOS */ = {
			isa = PBXNativeTarget;
			buildConfigurationList = 7DBFB39D968576ABD6E8727E /* Build configuration list for PBXNativeTarget "InkFlowUITests_iOS" */;
			buildPhases = (
				1952D8D024241E3FFA4ACE57 /* Sources */,
			);
			buildRules = (
			);
			dependencies = (
				3C94EFA0F473F9CE7FEF547F /* PBXTargetDependency */,
			);
			name = InkFlowUITests_iOS;
			packageProductDependencies = (
			);
			productName = InkFlowUITests_iOS;
			productReference = 96A555E8BFFF151E45B2EED4 /* InkFlowUITests_iOS.xctest */;
			productType = "com.apple.product-type.bundle.ui-testing";
		};
		8F05B24C86F72566B7924BCC /* InkFlow_iOS */ = {
			isa = PBXNativeTarget;
			buildConfigurationList = 7B6C81F8FC29CD3261FDF3E4 /* Build configuration list for PBXNativeTarget "InkFlow_iOS" */;
			buildPhases = (
				FB51FCF330A8ED69537CCF87 /* Sources */,
				3E7A77B6F72A4A838024E291 /* Frameworks */,
			);
			buildRules = (
			);
			dependencies = (
			);
			name = InkFlow_iOS;
			packageProductDependencies = (
				F7E5114AF201C7E611192600 /* InkFlowKit */,
			);
			productName = InkFlow_iOS;
			productReference = 8AF897E9144B949BC5A16F18 /* InkFlow.app */;
			productType = "com.apple.product-type.application";
		};
		C44BF61B17A411CC50D8DE0F /* InkFlow_macOS */ = {
			isa = PBXNativeTarget;
			buildConfigurationList = 1D7801FE0D1FAD48E42D6722 /* Build configuration list for PBXNativeTarget "InkFlow_macOS" */;
			buildPhases = (
				89372C3EF0B885926DACCB66 /* Sources */,
				A1A2FD18A977368B240D0E59 /* Frameworks */,
			);
			buildRules = (
			);
			dependencies = (
			);
			name = InkFlow_macOS;
			packageProductDependencies = (
				90B0B5BE23DAE06BEEA9017F /* InkFlowKit */,
			);
			productName = InkFlow_macOS;
			productReference = 67F0AB5619ECFB9173CED894 /* InkFlow.app */;
			productType = "com.apple.product-type.application";
		};
		F38CFBCB18A5C3FDCF03CC10 /* InkFlowUITests_macOS */ = {
			isa = PBXNativeTarget;
			buildConfigurationList = C3FF59DA8905B41CF9B9122D /* Build configuration list for PBXNativeTarget "InkFlowUITests_macOS" */;
			buildPhases = (
				63D362E6EA75665BCB24CDC9 /* Sources */,
			);
			buildRules = (
			);
			dependencies = (
				707050D227083C59C3F17D9E /* PBXTargetDependency */,
			);
			name = InkFlowUITests_macOS;
			packageProductDependencies = (
			);
			productName = InkFlowUITests_macOS;
			productReference = 5DA05CEBA55509A1AD517DDB /* InkFlowUITests_macOS.xctest */;
			productType = "com.apple.product-type.bundle.ui-testing";
		};
/* End PBXNativeTarget section */

/* Begin PBXProject section */
		618688C29B89A472AE316984 /* Project object */ = {
			isa = PBXProject;
			attributes = {
				BuildIndependentTargetsInParallel = YES;
				LastUpgradeCheck = 1600;
				TargetAttributes = {
					7001562283F6082D3010F077 = {
						ProvisioningStyle = Automatic;
						TestTargetID = 8F05B24C86F72566B7924BCC;
					};
					8F05B24C86F72566B7924BCC = {
						ProvisioningStyle = Automatic;
					};
					C44BF61B17A411CC50D8DE0F = {
						ProvisioningStyle = Automatic;
					};
					F38CFBCB18A5C3FDCF03CC10 = {
						ProvisioningStyle = Automatic;
						TestTargetID = C44BF61B17A411CC50D8DE0F;
					};
				};
			};
			buildConfigurationList = B82CA1CAA64B6EBA62D12F42 /* Build configuration list for PBXProject "InkFlow" */;
			developmentRegion = en;
			hasScannedForEncodings = 0;
			knownRegions = (
				Base,
				en,
			);
			mainGroup = 78C2EDFD31D2815207C28A9F;
			minimizedProjectReferenceProxies = 1;
			packageReferences = (
				F82C7501A39B4554C485EA15 /* XCLocalSwiftPackageReference "." */,
			);
			preferredProjectObjectVersion = 77;
			productRefGroup = 5D363470B767E46B0E5581D5 /* Products */;
			projectDirPath = "";
			projectRoot = "";
			targets = (
				7001562283F6082D3010F077 /* InkFlowUITests_iOS */,
				F38CFBCB18A5C3FDCF03CC10 /* InkFlowUITests_macOS */,
				8F05B24C86F72566B7924BCC /* InkFlow_iOS */,
				C44BF61B17A411CC50D8DE0F /* InkFlow_macOS */,
			);
		};
/* End PBXProject section */

/* Begin PBXSourcesBuildPhase section */
		1952D8D024241E3FFA4ACE57 /* Sources */ = {
			isa = PBXSourcesBuildPhase;
			buildActionMask = 2147483647;
			files = (
				6F107EABE2CEC713D71BA6F4 /* DocumentListUITests.swift in Sources */,
				CF4697E4E3955CF239FCA7A8 /* EditorUITests.swift in Sources */,
			);
			runOnlyForDeploymentPostprocessing = 0;
		};
		63D362E6EA75665BCB24CDC9 /* Sources */ = {
			isa = PBXSourcesBuildPhase;
			buildActionMask = 2147483647;
			files = (
				B0F149A78DDAC2F14FEB385D /* DocumentListUITests.swift in Sources */,
				72DEB48F16E726C208699AB7 /* EditorUITests.swift in Sources */,
			);
			runOnlyForDeploymentPostprocessing = 0;
		};
		89372C3EF0B885926DACCB66 /* Sources */ = {
			isa = PBXSourcesBuildPhase;
			buildActionMask = 2147483647;
			files = (
				EBCBFA66DE3FA47F13BFC7DD /* InkFlowApp.swift in Sources */,
			);
			runOnlyForDeploymentPostprocessing = 0;
		};
		FB51FCF330A8ED69537CCF87 /* Sources */ = {
			isa = PBXSourcesBuildPhase;
			buildActionMask = 2147483647;
			files = (
				F10F5150B68A68C6757AD305 /* InkFlowApp.swift in Sources */,
			);
			runOnlyForDeploymentPostprocessing = 0;
		};
/* End PBXSourcesBuildPhase section */

/* Begin PBXTargetDependency section */
		3C94EFA0F473F9CE7FEF547F /* PBXTargetDependency */ = {
			isa = PBXTargetDependency;
			target = 8F05B24C86F72566B7924BCC /* InkFlow_iOS */;
			targetProxy = 8F29F589397538A22CB889E0 /* PBXContainerItemProxy */;
		};
		707050D227083C59C3F17D9E /* PBXTargetDependency */ = {
			isa = PBXTargetDependency;
			target = C44BF61B17A411CC50D8DE0F /* InkFlow_macOS */;
			targetProxy = 6F71176DEFE093A59B20BC5D /* PBXContainerItemProxy */;
		};
/* End PBXTargetDependency section */

/* Begin XCBuildConfiguration section */
		1FEA683DCD6B1962672A5285 /* Debug */ = {
			isa = XCBuildConfiguration;
			buildSettings = {
				ASSETCATALOG_COMPILER_APPICON_NAME = AppIcon;
				CODE_SIGN_STYLE = Automatic;
				COMBINE_HIDPI_IMAGES = YES;
				CURRENT_PROJECT_VERSION = 1;
				GENERATE_INFOPLIST_FILE = YES;
				INFOPLIST_KEY_UIApplicationSceneManifest_Generation = YES;
				INFOPLIST_KEY_UIApplicationSupportsIndirectInputEvents = YES;
				INFOPLIST_KEY_UILaunchScreen_Generation = YES;
				INFOPLIST_KEY_UISupportedInterfaceOrientations_iPad = "UIInterfaceOrientationPortrait UIInterfaceOrientationPortraitUpsideDown UIInterfaceOrientationLandscapeLeft UIInterfaceOrientationLandscapeRight";
				INFOPLIST_KEY_UISupportedInterfaceOrientations_iPhone = "UIInterfaceOrientationPortrait UIInterfaceOrientationPortraitUpsideDown";
				LD_RUNPATH_SEARCH_PATHS = (
					"$(inherited)",
					"@executable_path/../Frameworks",
				);
				MARKETING_VERSION = 1.0.0;
				PRODUCT_BUNDLE_IDENTIFIER = com.inkflow.app;
				PRODUCT_NAME = InkFlow;
				SDKROOT = macosx;
				SWIFT_EMIT_LOC_STRINGS = YES;
				SWIFT_VERSION = 6.0;
			};
			name = Debug;
		};
		2FE4BC4C10676CCBC6401CB1 /* Release */ = {
			isa = XCBuildConfiguration;
			buildSettings = {
				ASSETCATALOG_COMPILER_APPICON_NAME = AppIcon;
				CODE_SIGN_IDENTITY = "iPhone Developer";
				CODE_SIGN_STYLE = Automatic;
				CURRENT_PROJECT_VERSION = 1;
				GENERATE_INFOPLIST_FILE = YES;
				INFOPLIST_KEY_UIApplicationSceneManifest_Generation = YES;
				INFOPLIST_KEY_UIApplicationSupportsIndirectInputEvents = YES;
				INFOPLIST_KEY_UILaunchScreen_Generation = YES;
				INFOPLIST_KEY_UISupportedInterfaceOrientations_iPad = "UIInterfaceOrientationPortrait UIInterfaceOrientationPortraitUpsideDown UIInterfaceOrientationLandscapeLeft UIInterfaceOrientationLandscapeRight";
				INFOPLIST_KEY_UISupportedInterfaceOrientations_iPhone = "UIInterfaceOrientationPortrait UIInterfaceOrientationPortraitUpsideDown";
				LD_RUNPATH_SEARCH_PATHS = (
					"$(inherited)",
					"@executable_path/Frameworks",
				);
				MARKETING_VERSION = 1.0.0;
				PRODUCT_BUNDLE_IDENTIFIER = com.inkflow.app;
				PRODUCT_NAME = InkFlow;
				SDKROOT = iphoneos;
				SWIFT_EMIT_LOC_STRINGS = YES;
				SWIFT_VERSION = 6.0;
				TARGETED_DEVICE_FAMILY = "1,2";
			};
			name = Release;
		};
		4A8353A4626F2AF93DCD462B /* Release */ = {
			isa = XCBuildConfiguration;
			buildSettings = {
				ASSETCATALOG_COMPILER_APPICON_NAME = AppIcon;
				CODE_SIGN_STYLE = Automatic;
				COMBINE_HIDPI_IMAGES = YES;
				CURRENT_PROJECT_VERSION = 1;
				GENERATE_INFOPLIST_FILE = YES;
				INFOPLIST_KEY_UIApplicationSceneManifest_Generation = YES;
				INFOPLIST_KEY_UIApplicationSupportsIndirectInputEvents = YES;
				INFOPLIST_KEY_UILaunchScreen_Generation = YES;
				INFOPLIST_KEY_UISupportedInterfaceOrientations_iPad = "UIInterfaceOrientationPortrait UIInterfaceOrientationPortraitUpsideDown UIInterfaceOrientationLandscapeLeft UIInterfaceOrientationLandscapeRight";
				INFOPLIST_KEY_UISupportedInterfaceOrientations_iPhone = "UIInterfaceOrientationPortrait UIInterfaceOrientationPortraitUpsideDown";
				LD_RUNPATH_SEARCH_PATHS = (
					"$(inherited)",
					"@executable_path/../Frameworks",
				);
				MARKETING_VERSION = 1.0.0;
				PRODUCT_BUNDLE_IDENTIFIER = com.inkflow.app;
				PRODUCT_NAME = InkFlow;
				SDKROOT = macosx;
				SWIFT_EMIT_LOC_STRINGS = YES;
				SWIFT_VERSION = 6.0;
			};
			name = Release;
		};
		75EE99D9173464642F70857E /* Release */ = {
			isa = XCBuildConfiguration;
			buildSettings = {
				BUNDLE_LOADER = "$(TEST_HOST)";
				CODE_SIGN_STYLE = Automatic;
				COMBINE_HIDPI_IMAGES = YES;
				GENERATE_INFOPLIST_FILE = YES;
				LD_RUNPATH_SEARCH_PATHS = (
					"$(inherited)",
					"@executable_path/Frameworks",
					"@loader_path/Frameworks",
				);
				PRODUCT_BUNDLE_IDENTIFIER = com.inkflow.app.uitests;
				SDKROOT = macosx;
				SWIFT_VERSION = 6.0;
				TEST_TARGET_NAME = InkFlow_macOS;
			};
			name = Release;
		};
		8628A4921834E6956E1C7620 /* Release */ = {
			isa = XCBuildConfiguration;
			buildSettings = {
				ALWAYS_SEARCH_USER_PATHS = NO;
				CLANG_ANALYZER_NONNULL = YES;
				CLANG_ANALYZER_NUMBER_OBJECT_CONVERSION = YES_AGGRESSIVE;
				CLANG_CXX_LANGUAGE_STANDARD = "gnu++14";
				CLANG_CXX_LIBRARY = "libc++";
				CLANG_ENABLE_MODULES = YES;
				CLANG_ENABLE_OBJC_ARC = YES;
				CLANG_ENABLE_OBJC_WEAK = YES;
				CLANG_WARN_BLOCK_CAPTURE_AUTORELEASING = YES;
				CLANG_WARN_BOOL_CONVERSION = YES;
				CLANG_WARN_COMMA = YES;
				CLANG_WARN_CONSTANT_CONVERSION = YES;
				CLANG_WARN_DEPRECATED_OBJC_IMPLEMENTATIONS = YES;
				CLANG_WARN_DIRECT_OBJC_ISA_USAGE = YES_ERROR;
				CLANG_WARN_DOCUMENTATION_COMMENTS = YES;
				CLANG_WARN_EMPTY_BODY = YES;
				CLANG_WARN_ENUM_CONVERSION = YES;
				CLANG_WARN_INFINITE_RECURSION = YES;
				CLANG_WARN_INT_CONVERSION = YES;
				CLANG_WARN_NON_LITERAL_NULL_CONVERSION = YES;
				CLANG_WARN_OBJC_IMPLICIT_RETAIN_SELF = YES;
				CLANG_WARN_OBJC_LITERAL_CONVERSION = YES;
				CLANG_WARN_OBJC_ROOT_CLASS = YES_ERROR;
				CLANG_WARN_QUOTED_INCLUDE_IN_FRAMEWORK_HEADER = YES;
				CLANG_WARN_RANGE_LOOP_ANALYSIS = YES;
				CLANG_WARN_STRICT_PROTOTYPES = YES;
				CLANG_WARN_SUSPICIOUS_MOVE = YES;
				CLANG_WARN_UNGUARDED_AVAILABILITY = YES_AGGRESSIVE;
				CLANG_WARN_UNREACHABLE_CODE = YES;
				CLANG_WARN__DUPLICATE_METHOD_MATCH = YES;
				COPY_PHASE_STRIP = NO;
				DEBUG_INFORMATION_FORMAT = "dwarf-with-dsym";
				ENABLE_NS_ASSERTIONS = NO;
				ENABLE_STRICT_OBJC_MSGSEND = YES;
				GCC_C_LANGUAGE_STANDARD = gnu11;
				GCC_NO_COMMON_BLOCKS = YES;
				GCC_WARN_64_TO_32_BIT_CONVERSION = YES;
				GCC_WARN_ABOUT_RETURN_TYPE = YES_ERROR;
				GCC_WARN_UNDECLARED_SELECTOR = YES;
				GCC_WARN_UNINITIALIZED_AUTOS = YES_AGGRESSIVE;
				GCC_WARN_UNUSED_FUNCTION = YES;
				GCC_WARN_UNUSED_VARIABLE = YES;
				IPHONEOS_DEPLOYMENT_TARGET = 17.0;
				MACOSX_DEPLOYMENT_TARGET = 14.0;
				MTL_ENABLE_DEBUG_INFO = NO;
				MTL_FAST_MATH = YES;
				PRODUCT_NAME = "$(TARGET_NAME)";
				SWIFT_COMPILATION_MODE = wholemodule;
				SWIFT_OPTIMIZATION_LEVEL = "-O";
				SWIFT_VERSION = 5.0;
			};
			name = Release;
		};
		8C5273A6DBFC2583767B7195 /* Debug */ = {
			isa = XCBuildConfiguration;
			buildSettings = {
				ASSETCATALOG_COMPILER_APPICON_NAME = AppIcon;
				CODE_SIGN_IDENTITY = "iPhone Developer";
				CODE_SIGN_STYLE = Automatic;
				CURRENT_PROJECT_VERSION = 1;
				GENERATE_INFOPLIST_FILE = YES;
				INFOPLIST_KEY_UIApplicationSceneManifest_Generation = YES;
				INFOPLIST_KEY_UIApplicationSupportsIndirectInputEvents = YES;
				INFOPLIST_KEY_UILaunchScreen_Generation = YES;
				INFOPLIST_KEY_UISupportedInterfaceOrientations_iPad = "UIInterfaceOrientationPortrait UIInterfaceOrientationPortraitUpsideDown UIInterfaceOrientationLandscapeLeft UIInterfaceOrientationLandscapeRight";
				INFOPLIST_KEY_UISupportedInterfaceOrientations_iPhone = "UIInterfaceOrientationPortrait UIInterfaceOrientationPortraitUpsideDown";
				LD_RUNPATH_SEARCH_PATHS = (
					"$(inherited)",
					"@executable_path/Frameworks",
				);
				MARKETING_VERSION = 1.0.0;
				PRODUCT_BUNDLE_IDENTIFIER = com.inkflow.app;
				PRODUCT_NAME = InkFlow;
				SDKROOT = iphoneos;
				SWIFT_EMIT_LOC_STRINGS = YES;
				SWIFT_VERSION = 6.0;
				TARGETED_DEVICE_FAMILY = "1,2";
			};
			name = Debug;
		};
		C1FEE9080B12C8693E9A1605 /* Release */ = {
			isa = XCBuildConfiguration;
			buildSettings = {
				BUNDLE_LOADER = "$(TEST_HOST)";
				CODE_SIGN_STYLE = Automatic;
				GENERATE_INFOPLIST_FILE = YES;
				LD_RUNPATH_SEARCH_PATHS = (
					"$(inherited)",
					"@executable_path/Frameworks",
					"@loader_path/Frameworks",
				);
				PRODUCT_BUNDLE_IDENTIFIER = com.inkflow.app.uitests;
				SDKROOT = iphoneos;
				SWIFT_VERSION = 6.0;
				TARGETED_DEVICE_FAMILY = "1,2";
				TEST_TARGET_NAME = InkFlow_iOS;
			};
			name = Release;
		};
		C4C9C535DFEADB03BCC44655 /* Debug */ = {
			isa = XCBuildConfiguration;
			buildSettings = {
				ALWAYS_SEARCH_USER_PATHS = NO;
				CLANG_ANALYZER_NONNULL = YES;
				CLANG_ANALYZER_NUMBER_OBJECT_CONVERSION = YES_AGGRESSIVE;
				CLANG_CXX_LANGUAGE_STANDARD = "gnu++14";
				CLANG_CXX_LIBRARY = "libc++";
				CLANG_ENABLE_MODULES = YES;
				CLANG_ENABLE_OBJC_ARC = YES;
				CLANG_ENABLE_OBJC_WEAK = YES;
				CLANG_WARN_BLOCK_CAPTURE_AUTORELEASING = YES;
				CLANG_WARN_BOOL_CONVERSION = YES;
				CLANG_WARN_COMMA = YES;
				CLANG_WARN_CONSTANT_CONVERSION = YES;
				CLANG_WARN_DEPRECATED_OBJC_IMPLEMENTATIONS = YES;
				CLANG_WARN_DIRECT_OBJC_ISA_USAGE = YES_ERROR;
				CLANG_WARN_DOCUMENTATION_COMMENTS = YES;
				CLANG_WARN_EMPTY_BODY = YES;
				CLANG_WARN_ENUM_CONVERSION = YES;
				CLANG_WARN_INFINITE_RECURSION = YES;
				CLANG_WARN_INT_CONVERSION = YES;
				CLANG_WARN_NON_LITERAL_NULL_CONVERSION = YES;
				CLANG_WARN_OBJC_IMPLICIT_RETAIN_SELF = YES;
				CLANG_WARN_OBJC_LITERAL_CONVERSION = YES;
				CLANG_WARN_OBJC_ROOT_CLASS = YES_ERROR;
				CLANG_WARN_QUOTED_INCLUDE_IN_FRAMEWORK_HEADER = YES;
				CLANG_WARN_RANGE_LOOP_ANALYSIS = YES;
				CLANG_WARN_STRICT_PROTOTYPES = YES;
				CLANG_WARN_SUSPICIOUS_MOVE = YES;
				CLANG_WARN_UNGUARDED_AVAILABILITY = YES_AGGRESSIVE;
				CLANG_WARN_UNREACHABLE_CODE = YES;
				CLANG_WARN__DUPLICATE_METHOD_MATCH = YES;
				COPY_PHASE_STRIP = NO;
				DEBUG_INFORMATION_FORMAT = dwarf;
				ENABLE_STRICT_OBJC_MSGSEND = YES;
				ENABLE_TESTABILITY = YES;
				GCC_C_LANGUAGE_STANDARD = gnu11;
				GCC_DYNAMIC_NO_PIC = NO;
				GCC_NO_COMMON_BLOCKS = YES;
				GCC_OPTIMIZATION_LEVEL = 0;
				GCC_PREPROCESSOR_DEFINITIONS = (
					"$(inherited)",
					"DEBUG=1",
				);
				GCC_WARN_64_TO_32_BIT_CONVERSION = YES;
				GCC_WARN_ABOUT_RETURN_TYPE = YES_ERROR;
				GCC_WARN_UNDECLARED_SELECTOR = YES;
				GCC_WARN_UNINITIALIZED_AUTOS = YES_AGGRESSIVE;
				GCC_WARN_UNUSED_FUNCTION = YES;
				GCC_WARN_UNUSED_VARIABLE = YES;
				IPHONEOS_DEPLOYMENT_TARGET = 17.0;
				MACOSX_DEPLOYMENT_TARGET = 14.0;
				MTL_ENABLE_DEBUG_INFO = INCLUDE_SOURCE;
				MTL_FAST_MATH = YES;
				ONLY_ACTIVE_ARCH = YES;
				PRODUCT_NAME = "$(TARGET_NAME)";
				SWIFT_ACTIVE_COMPILATION_CONDITIONS = DEBUG;
				SWIFT_OPTIMIZATION_LEVEL = "-Onone";
				SWIFT_VERSION = 5.0;
			};
			name = Debug;
		};
		F10F6CC04C5841B743E1A07D /* Debug */ = {
			isa = XCBuildConfiguration;
			buildSettings = {
				BUNDLE_LOADER = "$(TEST_HOST)";
				CODE_SIGN_STYLE = Automatic;
				COMBINE_HIDPI_IMAGES = YES;
				GENERATE_INFOPLIST_FILE = YES;
				LD_RUNPATH_SEARCH_PATHS = (
					"$(inherited)",
					"@executable_path/Frameworks",
					"@loader_path/Frameworks",
				);
				PRODUCT_BUNDLE_IDENTIFIER = com.inkflow.app.uitests;
				SDKROOT = macosx;
				SWIFT_VERSION = 6.0;
				TEST_TARGET_NAME = InkFlow_macOS;
			};
			name = Debug;
		};
		FEB8B763A2929D2402FF7248 /* Debug */ = {
			isa = XCBuildConfiguration;
			buildSettings = {
				BUNDLE_LOADER = "$(TEST_HOST)";
				CODE_SIGN_STYLE = Automatic;
				GENERATE_INFOPLIST_FILE = YES;
				LD_RUNPATH_SEARCH_PATHS = (
					"$(inherited)",
					"@executable_path/Frameworks",
					"@loader_path/Frameworks",
				);
				PRODUCT_BUNDLE_IDENTIFIER = com.inkflow.app.uitests;
				SDKROOT = iphoneos;
				SWIFT_VERSION = 6.0;
				TARGETED_DEVICE_FAMILY = "1,2";
				TEST_TARGET_NAME = InkFlow_iOS;
			};
			name = Debug;
		};
/* End XCBuildConfiguration section */

/* Begin XCConfigurationList section */
		1D7801FE0D1FAD48E42D6722 /* Build configuration list for PBXNativeTarget "InkFlow_macOS" */ = {
			isa = XCConfigurationList;
			buildConfigurations = (
				1FEA683DCD6B1962672A5285 /* Debug */,
				4A8353A4626F2AF93DCD462B /* Release */,
			);
			defaultConfigurationIsVisible = 0;
			defaultConfigurationName = Debug;
		};
		7B6C81F8FC29CD3261FDF3E4 /* Build configuration list for PBXNativeTarget "InkFlow_iOS" */ = {
			isa = XCConfigurationList;
			buildConfigurations = (
				8C5273A6DBFC2583767B7195 /* Debug */,
				2FE4BC4C10676CCBC6401CB1 /* Release */,
			);
			defaultConfigurationIsVisible = 0;
			defaultConfigurationName = Debug;
		};
		7DBFB39D968576ABD6E8727E /* Build configuration list for PBXNativeTarget "InkFlowUITests_iOS" */ = {
			isa = XCConfigurationList;
			buildConfigurations = (
				FEB8B763A2929D2402FF7248 /* Debug */,
				C1FEE9080B12C8693E9A1605 /* Release */,
			);
			defaultConfigurationIsVisible = 0;
			defaultConfigurationName = Debug;
		};
		B82CA1CAA64B6EBA62D12F42 /* Build configuration list for PBXProject "InkFlow" */ = {
			isa = XCConfigurationList;
			buildConfigurations = (
				C4C9C535DFEADB03BCC44655 /* Debug */,
				8628A4921834E6956E1C7620 /* Release */,
			);
			defaultConfigurationIsVisible = 0;
			defaultConfigurationName = Debug;
		};
		C3FF59DA8905B41CF9B9122D /* Build configuration list for PBXNativeTarget "InkFlowUITests_macOS" */ = {
			isa = XCConfigurationList;
			buildConfigurations = (
				F10F6CC04C5841B743E1A07D /* Debug */,
				75EE99D9173464642F70857E /* Release */,
			);
			defaultConfigurationIsVisible = 0;
			defaultConfigurationName = Debug;
		};
/* End XCConfigurationList section */

/* Begin XCLocalSwiftPackageReference section */
		F82C7501A39B4554C485EA15 /* XCLocalSwiftPackageReference "." */ = {
			isa = XCLocalSwiftPackageReference;
			relativePath = .;
		};
/* End XCLocalSwiftPackageReference section */

/* Begin XCSwiftPackageProductDependency section */
		90B0B5BE23DAE06BEEA9017F /* InkFlowKit */ = {
			isa = XCSwiftPackageProductDependency;
			productName = InkFlowKit;
		};
		F7E5114AF201C7E611192600 /* InkFlowKit */ = {
			isa = XCSwiftPackageProductDependency;
			productName = InkFlowKit;
		};
/* End XCSwiftPackageProductDependency section */
	};
	rootObject = 618688C29B89A472AE316984 /* Project object */;
}
